{
  "object": {
    "pins": [
      {
        "package": "SwiftyBeaver",
        "repositoryURL": "https://github.com/SwiftyBeaver/SwiftyBeaver",
        "state": {
          "branch": null,
          "revision": "2c513a2e8fbfbd6495afc4a05941d8e3fdba68e9",
          "version": "1.9.3"
        }
      }
    ]
  },
  "version": 1
}
